// !$*UTF8*$!
{
	archiveVersion = 1;
	classes = {
	};
	objectVersion = 38;
	objects = {
		014CEA440018CDF011CA2923 = {
			buildRules = (
			);
			buildSettings = {
				COPY_PHASE_STRIP = NO;
				OPTIMIZATION_CFLAGS = "-O0";
			};
			isa = PBXBuildStyle;
			name = Development;
		};
		014CEA450018CDF011CA2923 = {
			buildRules = (
			);
			buildSettings = {
				COPY_PHASE_STRIP = YES;
			};
			isa = PBXBuildStyle;
			name = Deployment;
		};
//010
//011
//012
//013
//014
//030
//031
//032
//033
//034
		034768DFFF38A50411DB9C8B = {
			children = (
				034768E0FF38A50411DB9C8B,
			);
			isa = PBXGroup;
			name = Products;
			refType = 4;
		};
		034768E0FF38A50411DB9C8B = {
			isa = PBXFrameworkReference;
			path = libtifiles.framework;
			refType = 3;
		};
//030
//031
//032
//033
//034
//080
//081
//082
//083
//084
		0867D690FE84028FC02AAC07 = {
			buildStyles = (
				014CEA440018CDF011CA2923,
				014CEA450018CDF011CA2923,
			);
			isa = PBXProject;
			mainGroup = 0867D691FE84028FC02AAC07;
			productRefGroup = 034768DFFF38A50411DB9C8B;
			projectDirPath = "";
			targets = (
				0867D69CFE84028FC02AAC07,
			);
		};
		0867D691FE84028FC02AAC07 = {
			children = (
				F798EFB30338F85101000102,
				F798EF540338F83A01000102,
				089C1665FE841158C02AAC07,
				0867D69AFE84028FC02AAC07,
				034768DFFF38A50411DB9C8B,
			);
			isa = PBXGroup;
			name = libtifiles;
			refType = 4;
		};
		0867D69AFE84028FC02AAC07 = {
			children = (
				1058C7B0FEA5585E11CA2CBB,
				1058C7B2FEA5585E11CA2CBB,
			);
			isa = PBXGroup;
			name = "External Frameworks and Libraries";
			refType = 4;
		};
		0867D69CFE84028FC02AAC07 = {
			buildPhases = (
				0867D69DFE84028FC02AAC07,
				0867D69EFE84028FC02AAC07,
				0867D69FFE84028FC02AAC07,
				0867D6A0FE84028FC02AAC07,
				0867D6A2FE84028FC02AAC07,
			);
			buildSettings = {
				DYLIB_COMPATIBILITY_VERSION = 1;
				DYLIB_CURRENT_VERSION = 1;
				FRAMEWORK_SEARCH_PATHS = "";
				FRAMEWORK_VERSION = A;
				HEADER_SEARCH_PATHS = "";
				LIBRARY_SEARCH_PATHS = "";
				OPTIMIZATION_CFLAGS = "-O0";
				OTHER_CFLAGS = "-DHAVE_CONFIG_H";
				OTHER_LDFLAGS = "";
				PREBINDING = NO;
				PRODUCT_NAME = libtifiles;
				SECTORDER_FLAGS = "";
				WARNING_CFLAGS = "-Wall -Wno-four-char-constants -Wno-unknown-pragmas";
				WRAPPER_EXTENSION = framework;
			};
			dependencies = (
			);
			isa = PBXFrameworkTarget;
			name = libtifiles;
			productName = libtifiles;
			productReference = 034768E0FF38A50411DB9C8B;
			productSettingsXML = "<?xml version=\"1.0\" encoding=\"UTF-8\"?>
<!DOCTYPE plist PUBLIC \"-//Apple Computer//DTD PLIST 1.0//EN\" \"http://www.apple.com/DTDs/PropertyList-1.0.dtd\">
<plist version=\"1.0\">
<dict>
	<key>CFBundleDevelopmentRegion</key>
	<string>English</string>
	<key>CFBundleExecutable</key>
	<string>libtifiles</string>
	<key>CFBundleGetInfoString</key>
	<string>libTIfiles v0.3.6</string>
	<key>CFBundleIconFile</key>
	<string></string>
	<key>CFBundleIdentifier</key>
	<string>info.tilp.libti.files</string>
	<key>CFBundleInfoDictionaryVersion</key>
	<string>6.0</string>
	<key>CFBundleName</key>
	<string>libTIfiles</string>
	<key>CFBundlePackageType</key>
	<string>FMWK</string>
	<key>CFBundleShortVersionString</key>
	<string>0.3.6</string>
	<key>CFBundleSignature</key>
	<string>JBRL</string>
	<key>CFBundleVersion</key>
	<string>0.3.6</string>
	<key>NSPrincipalClass</key>
	<string></string>
</dict>
</plist>
";
			shouldUseHeadermap = 1;
		};
		0867D69DFE84028FC02AAC07 = {
			buildActionMask = 2147483647;
			files = (
				F798EF840338F84901000102,
				F798EF860338F84901000102,
				F798EF870338F84901000102,
				F798EF890338F84901000102,
				F798EF8A0338F84901000102,
				F798EF8B0338F84901000102,
				F798EF8E0338F84901000102,
				F798EF920338F84901000102,
				F798EF930338F84901000102,
				F798EF940338F84901000102,
				F798EF950338F84901000102,
				F798EF970338F84901000102,
				F798EF980338F84901000102,
				F798EF990338F84901000102,
				F798EF9E0338F84901000102,
				F798EF9F0338F84901000102,
				F798EFA10338F84901000102,
				F798EFA20338F84901000102,
				F798EFA30338F84901000102,
				F798EFA40338F84901000102,
				F798EFA70338F84901000102,
				F798EFA90338F84901000102,
				F798EFAA0338F84901000102,
				F798EFAB0338F84901000102,
				F798EFAC0338F84901000102,
				F798EFAD0338F84901000102,
				F798EFB00338F84901000102,
				F798EFBA0338FA0401000102,
			);
			isa = PBXHeadersBuildPhase;
			runOnlyForDeploymentPostprocessing = 0;
		};
		0867D69EFE84028FC02AAC07 = {
			buildActionMask = 2147483647;
			files = (
				089C1668FE841158C02AAC07,
			);
			isa = PBXResourcesBuildPhase;
			runOnlyForDeploymentPostprocessing = 0;
		};
		0867D69FFE84028FC02AAC07 = {
			buildActionMask = 2147483647;
			files = (
				F798EF850338F84901000102,
				F798EF880338F84901000102,
				F798EF8C0338F84901000102,
				F798EF8D0338F84901000102,
				F798EF8F0338F84901000102,
				F798EF900338F84901000102,
				F798EF910338F84901000102,
				F798EF960338F84901000102,
				F798EF9A0338F84901000102,
				F798EF9B0338F84901000102,
				F798EF9C0338F84901000102,
				F798EF9D0338F84901000102,
				F798EFA00338F84901000102,
				F798EFA50338F84901000102,
				F798EFA60338F84901000102,
				F798EFA80338F84901000102,
				F798EFAE0338F84901000102,
				F798EFAF0338F84901000102,
				F798EFB10338F84901000102,
				F798EFB20338F84901000102,
			);
			isa = PBXSourcesBuildPhase;
			runOnlyForDeploymentPostprocessing = 0;
		};
		0867D6A0FE84028FC02AAC07 = {
			buildActionMask = 2147483647;
			files = (
				F798EF530338F4EF01000102,
			);
			isa = PBXFrameworksBuildPhase;
			runOnlyForDeploymentPostprocessing = 0;
		};
		0867D6A2FE84028FC02AAC07 = {
			buildActionMask = 2147483647;
			files = (
			);
			isa = PBXRezBuildPhase;
			runOnlyForDeploymentPostprocessing = 0;
		};
		089C1665FE841158C02AAC07 = {
			children = (
				089C1666FE841158C02AAC07,
			);
			isa = PBXGroup;
			name = Resources;
			refType = 4;
		};
		089C1666FE841158C02AAC07 = {
			children = (
				089C1667FE841158C02AAC07,
			);
			isa = PBXVariantGroup;
			name = InfoPlist.strings;
			refType = 4;
		};
		089C1667FE841158C02AAC07 = {
			fileEncoding = 10;
			isa = PBXFileReference;
			name = English;
			path = English.lproj/InfoPlist.strings;
			refType = 4;
		};
		089C1668FE841158C02AAC07 = {
			fileRef = 089C1666FE841158C02AAC07;
			isa = PBXBuildFile;
			settings = {
			};
		};
//080
//081
//082
//083
//084
//100
//101
//102
//103
//104
		1058C7B0FEA5585E11CA2CBB = {
			children = (
				F798EF4A0338F4EF01000102,
			);
			isa = PBXGroup;
			name = "Linked Frameworks";
			refType = 4;
		};
		1058C7B2FEA5585E11CA2CBB = {
			children = (
			);
			isa = PBXGroup;
			name = "Other Frameworks";
			refType = 4;
		};
//100
//101
//102
//103
//104
//F70
//F71
//F72
//F73
//F74
		F798EF4A0338F4EF01000102 = {
			isa = PBXFrameworkReference;
			name = glib.framework;
			path = /Library/Frameworks/glib.framework;
			refType = 0;
		};
		F798EF530338F4EF01000102 = {
			fileRef = F798EF4A0338F4EF01000102;
			isa = PBXBuildFile;
			settings = {
			};
		};
		F798EF540338F83A01000102 = {
			children = (
				F798EF560338F84901000102,
				F798EF590338F84901000102,
				F798EF5D0338F84901000102,
				F798EF5E0338F84901000102,
				F798EF600338F84901000102,
				F798EF610338F84901000102,
				F798EF620338F84901000102,
				F798EF670338F84901000102,
				F798EF6B0338F84901000102,
				F798EF6C0338F84901000102,
				F798EF6D0338F84901000102,
				F798EF6E0338F84901000102,
				F798EF710338F84901000102,
				F798EF760338F84901000102,
				F798EF770338F84901000102,
				F798EF790338F84901000102,
				F798EF7F0338F84901000102,
				F798EF800338F84901000102,
				F798EF820338F84901000102,
				F798EF830338F84901000102,
			);
			isa = PBXGroup;
			name = Sources;
			refType = 4;
		};
		F798EF550338F84901000102 = {
			isa = PBXFileReference;
			name = plerror.h;
			path = /Users/julien/devel/libtifiles/src/plerror.h;
			refType = 0;
		};
		F798EF560338F84901000102 = {
			isa = PBXFileReference;
			name = grp_ops.c;
			path = ../src/grp_ops.c;
			refType = 2;
		};
		F798EF570338F84901000102 = {
			isa = PBXFileReference;
			name = files9x.h;
			path = /Users/julien/devel/libtifiles/src/files9x.h;
			refType = 0;
		};
		F798EF580338F84901000102 = {
			isa = PBXFileReference;
			name = tifiles.h;
			path = /Users/julien/devel/libtifiles/src/tifiles.h;
			refType = 0;
		};
		F798EF590338F84901000102 = {
			isa = PBXFileReference;
			name = filesxx.c;
			path = ../src/filesxx.c;
			refType = 2;
		};
		F798EF5A0338F84901000102 = {
			isa = PBXFileReference;
			name = types83p.h;
			path = /Users/julien/devel/libtifiles/src/types83p.h;
			refType = 0;
		};
		F798EF5B0338F84901000102 = {
			isa = PBXFileReference;
			name = intelhex.h;
			path = /Users/julien/devel/libtifiles/src/intelhex.h;
			refType = 0;
		};
		F798EF5C0338F84901000102 = {
			isa = PBXFileReference;
			name = file_ver.h;
			path = /Users/julien/devel/libtifiles/src/file_ver.h;
			refType = 0;
		};
		F798EF5D0338F84901000102 = {
			isa = PBXFileReference;
			name = typesv2.c;
			path = ../src/typesv2.c;
			refType = 2;
		};
		F798EF5E0338F84901000102 = {
			isa = PBXFileReference;
			name = typesxx.c;
			path = ../src/typesxx.c;
			refType = 2;
		};
		F798EF5F0338F84901000102 = {
			isa = PBXFileReference;
			name = trans.h;
			path = /Users/julien/devel/libtifiles/src/trans.h;
			refType = 0;
		};
		F798EF600338F84901000102 = {
			isa = PBXFileReference;
			name = files8x.c;
			path = ../src/files8x.c;
			refType = 2;
		};
		F798EF610338F84901000102 = {
			isa = PBXFileReference;
			name = types86.c;
			path = ../src/types86.c;
			refType = 2;
		};
		F798EF620338F84901000102 = {
			isa = PBXFileReference;
			name = types82.c;
			path = ../src/types82.c;
			refType = 2;
		};
		F798EF630338F84901000102 = {
			isa = PBXFileReference;
			name = typesv2.h;
			path = /Users/julien/devel/libtifiles/src/typesv2.h;
			refType = 0;
		};
		F798EF640338F84901000102 = {
			isa = PBXFileReference;
			name = types82.h;
			path = /Users/julien/devel/libtifiles/src/types82.h;
			refType = 0;
		};
		F798EF650338F84901000102 = {
			isa = PBXFileReference;
			name = filesxx.h;
			path = /Users/julien/devel/libtifiles/src/filesxx.h;
			refType = 0;
		};
		F798EF660338F84901000102 = {
			isa = PBXFileReference;
			name = types89.h;
			path = /Users/julien/devel/libtifiles/src/types89.h;
			refType = 0;
		};
		F798EF670338F84901000102 = {
			isa = PBXFileReference;
			name = intrface.c;
			path = ../src/intrface.c;
			refType = 2;
		};
		F798EF680338F84901000102 = {
			isa = PBXFileReference;
			name = types92.h;
			path = /Users/julien/devel/libtifiles/src/types92.h;
			refType = 0;
		};
		F798EF690338F84901000102 = {
			isa = PBXFileReference;
			name = types92p.h;
			path = /Users/julien/devel/libtifiles/src/types92p.h;
			refType = 0;
		};
		F798EF6A0338F84901000102 = {
			isa = PBXFileReference;
			name = file_def.h;
			path = /Users/julien/devel/libtifiles/src/file_def.h;
			refType = 0;
		};
		F798EF6B0338F84901000102 = {
			isa = PBXFileReference;
			name = types83p.c;
			path = ../src/types83p.c;
			refType = 2;
		};
		F798EF6C0338F84901000102 = {
			isa = PBXFileReference;
			name = types92p.c;
			path = ../src/types92p.c;
			refType = 2;
		};
		F798EF6D0338F84901000102 = {
			isa = PBXFileReference;
			name = types85.c;
			path = ../src/types85.c;
			refType = 2;
		};
		F798EF6E0338F84901000102 = {
			isa = PBXFileReference;
			name = error.c;
			path = ../src/error.c;
			refType = 2;
		};
		F798EF6F0338F84901000102 = {
			isa = PBXFileReference;
			name = export.h;
			path = /Users/julien/devel/libtifiles/src/export.h;
			refType = 0;
		};
		F798EF700338F84901000102 = {
			isa = PBXFileReference;
			name = file_int.h;
			path = /Users/julien/devel/libtifiles/src/file_int.h;
			refType = 0;
		};
		F798EF710338F84901000102 = {
			isa = PBXFileReference;
			name = trans.c;
			path = ../src/trans.c;
			refType = 2;
		};
		F798EF720338F84901000102 = {
			isa = PBXFileReference;
			name = grp_ops.h;
			path = /Users/julien/devel/libtifiles/src/grp_ops.h;
			refType = 0;
		};
		F798EF730338F84901000102 = {
			isa = PBXFileReference;
			name = typesxx.h;
			path = /Users/julien/devel/libtifiles/src/typesxx.h;
			refType = 0;
		};
		F798EF740338F84901000102 = {
			isa = PBXFileReference;
			name = files8x.h;
			path = /Users/julien/devel/libtifiles/src/files8x.h;
			refType = 0;
		};
		F798EF750338F84901000102 = {
			isa = PBXFileReference;
			name = types73.h;
			path = /Users/julien/devel/libtifiles/src/types73.h;
			refType = 0;
		};
		F798EF760338F84901000102 = {
			isa = PBXFileReference;
			name = files9x.c;
			path = ../src/files9x.c;
			refType = 2;
		};
		F798EF770338F84901000102 = {
			isa = PBXFileReference;
			name = types92.c;
			path = ../src/types92.c;
			refType = 2;
		};
		F798EF780338F84901000102 = {
			isa = PBXFileReference;
			name = misc.h;
			path = /Users/julien/devel/libtifiles/src/misc.h;
			refType = 0;
		};
		F798EF790338F84901000102 = {
			isa = PBXFileReference;
			name = types83.c;
			path = ../src/types83.c;
			refType = 2;
		};
		F798EF7A0338F84901000102 = {
			isa = PBXFileReference;
			name = file_err.h;
			path = /Users/julien/devel/libtifiles/src/file_err.h;
			refType = 0;
		};
		F798EF7B0338F84901000102 = {
			isa = PBXFileReference;
			name = types86.h;
			path = /Users/julien/devel/libtifiles/src/types86.h;
			refType = 0;
		};
		F798EF7C0338F84901000102 = {
			isa = PBXFileReference;
			name = types85.h;
			path = /Users/julien/devel/libtifiles/src/types85.h;
			refType = 0;
		};
		F798EF7D0338F84901000102 = {
			isa = PBXFileReference;
			name = types83.h;
			path = /Users/julien/devel/libtifiles/src/types83.h;
			refType = 0;
		};
		F798EF7E0338F84901000102 = {
			isa = PBXFileReference;
			name = macros.h;
			path = /Users/julien/devel/libtifiles/src/macros.h;
			refType = 0;
		};
		F798EF7F0338F84901000102 = {
			isa = PBXFileReference;
			name = misc.c;
			path = ../src/misc.c;
			refType = 2;
		};
		F798EF800338F84901000102 = {
			isa = PBXFileReference;
			name = intelhex.c;
			path = ../src/intelhex.c;
			refType = 2;
		};
		F798EF810338F84901000102 = {
			isa = PBXFileReference;
			name = intl.h;
			path = /Users/julien/devel/libtifiles/src/intl.h;
			refType = 0;
		};
		F798EF820338F84901000102 = {
			isa = PBXFileReference;
			name = types73.c;
			path = ../src/types73.c;
			refType = 2;
		};
		F798EF830338F84901000102 = {
			isa = PBXFileReference;
			name = types89.c;
			path = ../src/types89.c;
			refType = 2;
		};
		F798EF840338F84901000102 = {
			fileRef = F798EF550338F84901000102;
			isa = PBXBuildFile;
			settings = {
			};
		};
		F798EF850338F84901000102 = {
			fileRef = F798EF560338F84901000102;
			isa = PBXBuildFile;
			settings = {
			};
		};
		F798EF860338F84901000102 = {
			fileRef = F798EF570338F84901000102;
			isa = PBXBuildFile;
			settings = {
			};
		};
		F798EF870338F84901000102 = {
			fileRef = F798EF580338F84901000102;
			isa = PBXBuildFile;
			settings = {
			};
		};
		F798EF880338F84901000102 = {
			fileRef = F798EF590338F84901000102;
			isa = PBXBuildFile;
			settings = {
			};
		};
		F798EF890338F84901000102 = {
			fileRef = F798EF5A0338F84901000102;
			isa = PBXBuildFile;
			settings = {
			};
		};
		F798EF8A0338F84901000102 = {
			fileRef = F798EF5B0338F84901000102;
			isa = PBXBuildFile;
			settings = {
			};
		};
		F798EF8B0338F84901000102 = {
			fileRef = F798EF5C0338F84901000102;
			isa = PBXBuildFile;
			settings = {
			};
		};
		F798EF8C0338F84901000102 = {
			fileRef = F798EF5D0338F84901000102;
			isa = PBXBuildFile;
			settings = {
			};
		};
		F798EF8D0338F84901000102 = {
			fileRef = F798EF5E0338F84901000102;
			isa = PBXBuildFile;
			settings = {
			};
		};
		F798EF8E0338F84901000102 = {
			fileRef = F798EF5F0338F84901000102;
			isa = PBXBuildFile;
			settings = {
			};
		};
		F798EF8F0338F84901000102 = {
			fileRef = F798EF600338F84901000102;
			isa = PBXBuildFile;
			settings = {
			};
		};
		F798EF900338F84901000102 = {
			fileRef = F798EF610338F84901000102;
			isa = PBXBuildFile;
			settings = {
			};
		};
		F798EF910338F84901000102 = {
			fileRef = F798EF620338F84901000102;
			isa = PBXBuildFile;
			settings = {
			};
		};
		F798EF920338F84901000102 = {
			fileRef = F798EF630338F84901000102;
			isa = PBXBuildFile;
			settings = {
			};
		};
		F798EF930338F84901000102 = {
			fileRef = F798EF640338F84901000102;
			isa = PBXBuildFile;
			settings = {
			};
		};
		F798EF940338F84901000102 = {
			fileRef = F798EF650338F84901000102;
			isa = PBXBuildFile;
			settings = {
			};
		};
		F798EF950338F84901000102 = {
			fileRef = F798EF660338F84901000102;
			isa = PBXBuildFile;
			settings = {
			};
		};
		F798EF960338F84901000102 = {
			fileRef = F798EF670338F84901000102;
			isa = PBXBuildFile;
			settings = {
			};
		};
		F798EF970338F84901000102 = {
			fileRef = F798EF680338F84901000102;
			isa = PBXBuildFile;
			settings = {
			};
		};
		F798EF980338F84901000102 = {
			fileRef = F798EF690338F84901000102;
			isa = PBXBuildFile;
			settings = {
			};
		};
		F798EF990338F84901000102 = {
			fileRef = F798EF6A0338F84901000102;
			isa = PBXBuildFile;
			settings = {
			};
		};
		F798EF9A0338F84901000102 = {
			fileRef = F798EF6B0338F84901000102;
			isa = PBXBuildFile;
			settings = {
			};
		};
		F798EF9B0338F84901000102 = {
			fileRef = F798EF6C0338F84901000102;
			isa = PBXBuildFile;
			settings = {
			};
		};
		F798EF9C0338F84901000102 = {
			fileRef = F798EF6D0338F84901000102;
			isa = PBXBuildFile;
			settings = {
			};
		};
		F798EF9D0338F84901000102 = {
			fileRef = F798EF6E0338F84901000102;
			isa = PBXBuildFile;
			settings = {
			};
		};
		F798EF9E0338F84901000102 = {
			fileRef = F798EF6F0338F84901000102;
			isa = PBXBuildFile;
			settings = {
			};
		};
		F798EF9F0338F84901000102 = {
			fileRef = F798EF700338F84901000102;
			isa = PBXBuildFile;
			settings = {
			};
		};
		F798EFA00338F84901000102 = {
			fileRef = F798EF710338F84901000102;
			isa = PBXBuildFile;
			settings = {
			};
		};
		F798EFA10338F84901000102 = {
			fileRef = F798EF720338F84901000102;
			isa = PBXBuildFile;
			settings = {
			};
		};
		F798EFA20338F84901000102 = {
			fileRef = F798EF730338F84901000102;
			isa = PBXBuildFile;
			settings = {
			};
		};
		F798EFA30338F84901000102 = {
			fileRef = F798EF740338F84901000102;
			isa = PBXBuildFile;
			settings = {
			};
		};
		F798EFA40338F84901000102 = {
			fileRef = F798EF750338F84901000102;
			isa = PBXBuildFile;
			settings = {
			};
		};
		F798EFA50338F84901000102 = {
			fileRef = F798EF760338F84901000102;
			isa = PBXBuildFile;
			settings = {
			};
		};
		F798EFA60338F84901000102 = {
			fileRef = F798EF770338F84901000102;
			isa = PBXBuildFile;
			settings = {
			};
		};
		F798EFA70338F84901000102 = {
			fileRef = F798EF780338F84901000102;
			isa = PBXBuildFile;
			settings = {
			};
		};
		F798EFA80338F84901000102 = {
			fileRef = F798EF790338F84901000102;
			isa = PBXBuildFile;
			settings = {
			};
		};
		F798EFA90338F84901000102 = {
			fileRef = F798EF7A0338F84901000102;
			isa = PBXBuildFile;
			settings = {
			};
		};
		F798EFAA0338F84901000102 = {
			fileRef = F798EF7B0338F84901000102;
			isa = PBXBuildFile;
			settings = {
			};
		};
		F798EFAB0338F84901000102 = {
			fileRef = F798EF7C0338F84901000102;
			isa = PBXBuildFile;
			settings = {
			};
		};
		F798EFAC0338F84901000102 = {
			fileRef = F798EF7D0338F84901000102;
			isa = PBXBuildFile;
			settings = {
			};
		};
		F798EFAD0338F84901000102 = {
			fileRef = F798EF7E0338F84901000102;
			isa = PBXBuildFile;
			settings = {
			};
		};
		F798EFAE0338F84901000102 = {
			fileRef = F798EF7F0338F84901000102;
			isa = PBXBuildFile;
			settings = {
			};
		};
		F798EFAF0338F84901000102 = {
			fileRef = F798EF800338F84901000102;
			isa = PBXBuildFile;
			settings = {
			};
		};
		F798EFB00338F84901000102 = {
			fileRef = F798EF810338F84901000102;
			isa = PBXBuildFile;
			settings = {
			};
		};
		F798EFB10338F84901000102 = {
			fileRef = F798EF820338F84901000102;
			isa = PBXBuildFile;
			settings = {
			};
		};
		F798EFB20338F84901000102 = {
			fileRef = F798EF830338F84901000102;
			isa = PBXBuildFile;
			settings = {
			};
		};
		F798EFB30338F85101000102 = {
			children = (
				F798EFB90338FA0401000102,
				F798EF550338F84901000102,
				F798EF570338F84901000102,
				F798EF580338F84901000102,
				F798EF5A0338F84901000102,
				F798EF5B0338F84901000102,
				F798EF5C0338F84901000102,
				F798EF5F0338F84901000102,
				F798EF630338F84901000102,
				F798EF640338F84901000102,
				F798EF650338F84901000102,
				F798EF660338F84901000102,
				F798EF680338F84901000102,
				F798EF690338F84901000102,
				F798EF6A0338F84901000102,
				F798EF6F0338F84901000102,
				F798EF700338F84901000102,
				F798EF720338F84901000102,
				F798EF730338F84901000102,
				F798EF740338F84901000102,
				F798EF750338F84901000102,
				F798EF780338F84901000102,
				F798EF7A0338F84901000102,
				F798EF7B0338F84901000102,
				F798EF7C0338F84901000102,
				F798EF7D0338F84901000102,
				F798EF7E0338F84901000102,
				F798EF810338F84901000102,
			);
			isa = PBXGroup;
			name = Headers;
			path = "";
			refType = 4;
		};
		F798EFB90338FA0401000102 = {
			isa = PBXFileReference;
			path = config.h;
			refType = 4;
		};
		F798EFBA0338FA0401000102 = {
			fileRef = F798EFB90338FA0401000102;
			isa = PBXBuildFile;
			settings = {
			};
		};
	};
	rootObject = 0867D690FE84028FC02AAC07;
}
